[[package]]
category = "main"
description = "Core utilities for Python packages"
name = "packaging"
optional = false
python-versions = ">=2.7, !=3.0.*, !=3.1.*, !=3.2.*, !=3.3.*"
version = "20.4"

[package.dependencies]
pyparsing = ">=2.0.2"
six = "*"

[[package]]
category = "main"
description = "Physical quantities module"
name = "pint"
optional = false
python-versions = ">=3.6"
version = "0.16.1"

[package.dependencies]
packaging = "*"

[package.extras]
numpy = ["numpy (>=1.14)"]
test = ["pytest", "pytest-mpl", "pytest-cov"]
uncertainties = ["uncertainties (>=3.0)"]

[[package]]
category = "main"
description = "Python parsing module"
name = "pyparsing"
optional = false
python-versions = ">=2.6, !=3.0.*, !=3.1.*, !=3.2.*"
version = "2.4.7"

[[package]]
category = "main"
description = "Python 2 and 3 compatibility utilities"
name = "six"
optional = false
python-versions = ">=2.7, !=3.0.*, !=3.1.*, !=3.2.*"
version = "1.15.0"

[metadata]
content-hash = "6f70bbf8ee4fe28f4f4e1bffc3aba54bfd2bc0ba39f9fe457ffe81ede691dfb5"
lock-version = "1.0"
python-versions = "^3.8"

[metadata.files]
packaging = [
    {file = "packaging-20.4-py2.py3-none-any.whl", hash = "sha256:998416ba6962ae7fbd6596850b80e17859a5753ba17c32284f67bfff33784181"},
    {file = "packaging-20.4.tar.gz", hash = "sha256:4357f74f47b9c12db93624a82154e9b120fa8293699949152b22065d556079f8"},
]
pint = [
    {file = "Pint-0.16.1-py2.py3-none-any.whl", hash = "sha256:63ccb7153754923fd95477be69dcf8d7d0764ec2ebb3f6945f920c31fdf13392"},
    {file = "Pint-0.16.1.tar.gz", hash = "sha256:d43a2e9ae003164978b60fdf8cd920d8581e1a5991df8dded29b00f4850ec83a"},
]
pyparsing = [
    {file = "pyparsing-2.4.7-py2.py3-none-any.whl", hash = "sha256:ef9d7589ef3c200abe66653d3f1ab1033c3c419ae9b9bdb1240a85b024efc88b"},
    {file = "pyparsing-2.4.7.tar.gz", hash = "sha256:c203ec8783bf771a155b207279b9bccb8dea02d8f0c9e5f8ead507bc3246ecc1"},
]
six = [
    {file = "six-1.15.0-py2.py3-none-any.whl", hash = "sha256:8b74bedcbbbaca38ff6d7491d76f2b06b3592611af620f8426e82dddb04a5ced"},
    {file = "six-1.15.0.tar.gz", hash = "sha256:30639c035cdb23534cd4aa2dd52c3bf48f06e5f4a941509c8bafd8ce11080259"},
]
